Microsoft Visual Studio Solution File, Format Version 12.00
# Visual Studio Version 17
VisualStudioVersion = 17.5.2.0
MinimumVisualStudioVersion = 10.0.40219.1
Project("{FAE04EC0-301F-11D3-BF4B-00C04F79EFBC}") = "TechMart.Auth.Application", "TechMart.Auth.Application\TechMart.Auth.Application.csproj", "{E4C25273-B3FB-B91F-FC06-D7CC40E83BE4}"
EndProject
Project("{FAE04EC0-301F-11D3-BF4B-00C04F79EFBC}") = "TechMart.Auth.Domain", "TechMart.Auth.Domain\TechMart.Auth.Domain.csproj", "{662E5F2A-ADDC-A44C-0EDB-B545FD84F6E6}"
EndProject
Project("{FAE04EC0-301F-11D3-BF4B-00C04F79EFBC}") = "TechMart.Auth.Infrastructure", "TechMart.Auth.Infrastructure\TechMart.Auth.Infrastructure.csproj", "{9B85C6C1-F0E8-B11A-C561-0D1DF4EB7088}"
EndProject
Project("{FAE04EC0-301F-11D3-BF4B-00C04F79EFBC}") = "TechMart.Auth.API", "TechMart.Auth.API\TechMart.Auth.API.csproj", "{A627BB19-7035-7DFB-E612-A2B386B3130C}"
EndProject
Global
	GlobalSection(SolutionConfigurationPlatforms) = preSolution
		Debug|Any CPU = Debug|Any CPU
		Release|Any CPU = Release|Any CPU
	EndGlobalSection
	GlobalSection(ProjectConfigurationPlatforms) = postSolution
		{E4C25273-B3FB-B91F-FC06-D7CC40E83BE4}.Debug|Any CPU.ActiveCfg = Debug|Any CPU
		{E4C25273-B3FB-B91F-FC06-D7CC40E83BE4}.Debug|Any CPU.Build.0 = Debug|Any CPU
		{E4C25273-B3FB-B91F-FC06-D7CC40E83BE4}.Release|Any CPU.ActiveCfg = Release|Any CPU
		{E4C25273-B3FB-B91F-FC06-D7CC40E83BE4}.Release|Any CPU.Build.0 = Release|Any CPU
		{662E5F2A-ADDC-A44C-0EDB-B545FD84F6E6}.Debug|Any CPU.ActiveCfg = Debug|Any CPU
		{662E5F2A-ADDC-A44C-0EDB-B545FD84F6E6}.Debug|Any CPU.Build.0 = Debug|Any CPU
		{662E5F2A-ADDC-A44C-0EDB-B545FD84F6E6}.Release|Any CPU.ActiveCfg = Release|Any CPU
		{662E5F2A-ADDC-A44C-0EDB-B545FD84F6E6}.Release|Any CPU.Build.0 = Release|Any CPU
		{9B85C6C1-F0E8-B11A-C561-0D1DF4EB7088}.Debug|Any CPU.ActiveCfg = Debug|Any CPU
		{9B85C6C1-F0E8-B11A-C561-0D1DF4EB7088}.Debug|Any CPU.Build.0 = Debug|Any CPU
		{9B85C6C1-F0E8-B11A-C561-0D1DF4EB7088}.Release|Any CPU.ActiveCfg = Release|Any CPU
		{9B85C6C1-F0E8-B11A-C561-0D1DF4EB7088}.Release|Any CPU.Build.0 = Release|Any CPU
		{A627BB19-7035-7DFB-E612-A2B386B3130C}.Debug|Any CPU.ActiveCfg = Debug|Any CPU
		{A627BB19-7035-7DFB-E612-A2B386B3130C}.Debug|Any CPU.Build.0 = Debug|Any CPU
		{A627BB19-7035-7DFB-E612-A2B386B3130C}.Release|Any CPU.ActiveCfg = Release|Any CPU
		{A627BB19-7035-7DFB-E612-A2B386B3130C}.Release|Any CPU.Build.0 = Release|Any CPU
	EndGlobalSection
	GlobalSection(SolutionProperties) = preSolution
		HideSolutionNode = FALSE
	EndGlobalSection
	GlobalSection(ExtensibilityGlobals) = postSolution
		SolutionGuid = {353C3950-E3E7-4D29-B551-5C73F4EA05B8}
	EndGlobalSection
EndGlobal
