
Microsoft Visual Studio Solution File, Format Version 12.00
Project("{2150E333-8FDC-42A3-9474-1A3956D46DE8}") = "src", "src", "{71D4D44E-89A5-4286-B739-46527BD5A1B0}"
EndProject
Project("{2150E333-8FDC-42A3-9474-1A3956D46DE8}") = "tests", "tests", "{21AEA3A1-C9D2-4E61-BC6C-B6A16375BF33}"
EndProject
Project("{FAE04EC0-301F-11D3-BF4B-00C04F79EFBC}") = "TechMart.Product.Api", "src\TechMart.Product.Api\TechMart.Product.Api.csproj", "{87CEC1BD-7DF3-48B4-B2F2-825CB6374814}"
EndProject
Project("{FAE04EC0-301F-11D3-BF4B-00C04F79EFBC}") = "TechMart.Product.Application", "src\TechMart.Product.Application\TechMart.Product.Application.csproj", "{42DD36E9-8DAA-4ABD-A542-D2453CB94B26}"
EndProject
Project("{FAE04EC0-301F-11D3-BF4B-00C04F79EFBC}") = "TechMart.Product.Domain", "src\TechMart.Product.Domain\TechMart.Product.Domain.csproj", "{A330A926-1368-4848-89A7-23447C81CB5D}"
EndProject
Project("{FAE04EC0-301F-11D3-BF4B-00C04F79EFBC}") = "TechMart.Product.Infrastructure", "src\TechMart.Product.Infrastructure\TechMart.Product.Infrastructure.csproj", "{30CDDCD8-4BE0-4A72-81C6-D14421524833}"
EndProject
Project("{FAE04EC0-301F-11D3-BF4B-00C04F79EFBC}") = "TechMart.Product.UnitTests", "tests\TechMart.Product.UnitTests\TechMart.Product.UnitTests.csproj", "{5EDE682B-1E8E-403C-BBF5-ADD1C976EBF2}"
EndProject
Global
	GlobalSection(SolutionConfigurationPlatforms) = preSolution
		Debug|Any CPU = Debug|Any CPU
		Release|Any CPU = Release|Any CPU
	EndGlobalSection
	GlobalSection(NestedProjects) = preSolution
		{87CEC1BD-7DF3-48B4-B2F2-825CB6374814} = {71D4D44E-89A5-4286-B739-46527BD5A1B0}
		{42DD36E9-8DAA-4ABD-A542-D2453CB94B26} = {71D4D44E-89A5-4286-B739-46527BD5A1B0}
		{A330A926-1368-4848-89A7-23447C81CB5D} = {71D4D44E-89A5-4286-B739-46527BD5A1B0}
		{30CDDCD8-4BE0-4A72-81C6-D14421524833} = {71D4D44E-89A5-4286-B739-46527BD5A1B0}
		{5EDE682B-1E8E-403C-BBF5-ADD1C976EBF2} = {21AEA3A1-C9D2-4E61-BC6C-B6A16375BF33}
	EndGlobalSection
	GlobalSection(ProjectConfigurationPlatforms) = postSolution
		{87CEC1BD-7DF3-48B4-B2F2-825CB6374814}.Debug|Any CPU.ActiveCfg = Debug|Any CPU
		{87CEC1BD-7DF3-48B4-B2F2-825CB6374814}.Debug|Any CPU.Build.0 = Debug|Any CPU
		{87CEC1BD-7DF3-48B4-B2F2-825CB6374814}.Release|Any CPU.ActiveCfg = Release|Any CPU
		{87CEC1BD-7DF3-48B4-B2F2-825CB6374814}.Release|Any CPU.Build.0 = Release|Any CPU
		{42DD36E9-8DAA-4ABD-A542-D2453CB94B26}.Debug|Any CPU.ActiveCfg = Debug|Any CPU
		{42DD36E9-8DAA-4ABD-A542-D2453CB94B26}.Debug|Any CPU.Build.0 = Debug|Any CPU
		{42DD36E9-8DAA-4ABD-A542-D2453CB94B26}.Release|Any CPU.ActiveCfg = Release|Any CPU
		{42DD36E9-8DAA-4ABD-A542-D2453CB94B26}.Release|Any CPU.Build.0 = Release|Any CPU
		{A330A926-1368-4848-89A7-23447C81CB5D}.Debug|Any CPU.ActiveCfg = Debug|Any CPU
		{A330A926-1368-4848-89A7-23447C81CB5D}.Debug|Any CPU.Build.0 = Debug|Any CPU
		{A330A926-1368-4848-89A7-23447C81CB5D}.Release|Any CPU.ActiveCfg = Release|Any CPU
		{A330A926-1368-4848-89A7-23447C81CB5D}.Release|Any CPU.Build.0 = Release|Any CPU
		{30CDDCD8-4BE0-4A72-81C6-D14421524833}.Debug|Any CPU.ActiveCfg = Debug|Any CPU
		{30CDDCD8-4BE0-4A72-81C6-D14421524833}.Debug|Any CPU.Build.0 = Debug|Any CPU
		{30CDDCD8-4BE0-4A72-81C6-D14421524833}.Release|Any CPU.ActiveCfg = Release|Any CPU
		{30CDDCD8-4BE0-4A72-81C6-D14421524833}.Release|Any CPU.Build.0 = Release|Any CPU
		{5EDE682B-1E8E-403C-BBF5-ADD1C976EBF2}.Debug|Any CPU.ActiveCfg = Debug|Any CPU
		{5EDE682B-1E8E-403C-BBF5-ADD1C976EBF2}.Debug|Any CPU.Build.0 = Debug|Any CPU
		{5EDE682B-1E8E-403C-BBF5-ADD1C976EBF2}.Release|Any CPU.ActiveCfg = Release|Any CPU
		{5EDE682B-1E8E-403C-BBF5-ADD1C976EBF2}.Release|Any CPU.Build.0 = Release|Any CPU
	EndGlobalSection
EndGlobal
