
Microsoft Visual Studio Solution File, Format Version 12.00
# Visual Studio Version 17
VisualStudioVersion = 17.0.31903.59
MinimumVisualStudioVersion = 10.0.40219.1
Project("{2150E333-8FDC-42A3-9474-1A3956D46DE8}") = "Shared", "Shared", "{4F52FD11-658E-A102-6CD3-7D7C16FFA15B}"
EndProject
Project("{2150E333-8FDC-42A3-9474-1A3956D46DE8}") = "Common", "Common", "{E22E24A7-60BD-AB64-8CDF-AA26E2B7FF30}"
EndProject
Project("{FAE04EC0-301F-11D3-BF4B-00C04F79EFBC}") = "TechMart.Shared.Common", "Shared\Common\TechMart.Shared.Common.csproj", "{23B11657-57EA-46B3-9064-356A161CACB6}"
EndProject
Project("{2150E333-8FDC-42A3-9474-1A3956D46DE8}") = "EventBus", "EventBus", "{05B7C4B4-C077-CFB9-F5D5-A3F4CD33019C}"
EndProject
Project("{FAE04EC0-301F-11D3-BF4B-00C04F79EFBC}") = "TechMart.Shared.EventBus", "Shared\EventBus\TechMart.Shared.EventBus.csproj", "{E861B573-5893-42B8-8096-532FBB85C59E}"
EndProject
Project("{2150E333-8FDC-42A3-9474-1A3956D46DE8}") = "Logging", "Logging", "{4AAC06F7-6016-E642-0FE4-08DCBDD5FB76}"
EndProject
Project("{FAE04EC0-301F-11D3-BF4B-00C04F79EFBC}") = "TechMart.Shared.Logging", "Shared\Logging\TechMart.Shared.Logging.csproj", "{FFC5CD3D-9FAF-4C0D-8B1B-E04F621FEFE7}"
EndProject
Project("{2150E333-8FDC-42A3-9474-1A3956D46DE8}") = "Security", "Security", "{B3592533-1194-B4F0-E199-5AA1C91AC5CA}"
EndProject
Project("{FAE04EC0-301F-11D3-BF4B-00C04F79EFBC}") = "TechMart.Shared.Security", "Shared\Security\TechMart.Shared.Security.csproj", "{738B37A5-2373-48E5-86BC-AA26D53AEFA6}"
EndProject
Project("{2150E333-8FDC-42A3-9474-1A3956D46DE8}") = "Contracts", "Contracts", "{85E3A286-880E-ADB0-5CF2-3F1BDB3A4229}"
EndProject
Project("{FAE04EC0-301F-11D3-BF4B-00C04F79EFBC}") = "TechMart.Shared.Contracts", "Shared\Contracts\TechMart.Shared.Contracts.csproj", "{A43EE8F8-62D1-403C-9D84-6CEF2634D8CD}"
EndProject
Project("{2150E333-8FDC-42A3-9474-1A3956D46DE8}") = "ApiGateway", "ApiGateway", "{25D181DD-5CC9-F0B3-C64F-91E1AA77FD70}"
EndProject
Project("{FAE04EC0-301F-11D3-BF4B-00C04F79EFBC}") = "TechMart.ApiGateway", "ApiGateway\TechMart.ApiGateway.csproj", "{0E2A513B-7FD8-4E28-8939-2DEBBEAE4C2A}"
EndProject
Project("{2150E333-8FDC-42A3-9474-1A3956D46DE8}") = "Services", "Services", "{5854FF58-B8C5-05C6-5BF2-ACE42193F22B}"
EndProject
Project("{2150E333-8FDC-42A3-9474-1A3956D46DE8}") = "Auth", "Auth", "{FE3FB199-55FF-42D1-1FD0-08473B5A7350}"
EndProject
Project("{FAE04EC0-301F-11D3-BF4B-00C04F79EFBC}") = "TechMart.Auth.API", "Services\Auth\TechMart.Auth.API\TechMart.Auth.API.csproj", "{D5791CBE-85EE-4E97-9B74-4C5F09562E7B}"
EndProject
Project("{FAE04EC0-301F-11D3-BF4B-00C04F79EFBC}") = "TechMart.Auth.Application", "Services\Auth\TechMart.Auth.Application\TechMart.Auth.Application.csproj", "{B3127F73-ABC6-4560-A1C8-8CE05CE03D6A}"
EndProject
Project("{FAE04EC0-301F-11D3-BF4B-00C04F79EFBC}") = "TechMart.Auth.Domain", "Services\Auth\TechMart.Auth.Domain\TechMart.Auth.Domain.csproj", "{D9200C92-F512-4E4A-9EC5-43DD43F0F17E}"
EndProject
Project("{FAE04EC0-301F-11D3-BF4B-00C04F79EFBC}") = "TechMart.Auth.Infrastructure", "Services\Auth\TechMart.Auth.Infrastructure\TechMart.Auth.Infrastructure.csproj", "{05EAE986-AF90-408E-B5E7-3897BF8A809B}"
EndProject
Project("{2150E333-8FDC-42A3-9474-1A3956D46DE8}") = "Product", "Product", "{B06B848F-2C60-96F4-F472-51BA1E48B7CF}"
EndProject
Project("{FAE04EC0-301F-11D3-BF4B-00C04F79EFBC}") = "TechMart.Product.API", "Services\Product\TechMart.Product.API\TechMart.Product.API.csproj", "{5E9C4B3B-ACAF-4390-AD4D-809A2B79A23C}"
EndProject
Project("{FAE04EC0-301F-11D3-BF4B-00C04F79EFBC}") = "TechMart.Product.Application", "Services\Product\TechMart.Product.Application\TechMart.Product.Application.csproj", "{277FDB14-8F8E-4F38-96D5-DDA64452608B}"
EndProject
Project("{FAE04EC0-301F-11D3-BF4B-00C04F79EFBC}") = "TechMart.Product.Domain", "Services\Product\TechMart.Product.Domain\TechMart.Product.Domain.csproj", "{552C4E7E-75F5-45D5-8F6F-1C7ECC61BB5E}"
EndProject
Project("{FAE04EC0-301F-11D3-BF4B-00C04F79EFBC}") = "TechMart.Product.Infrastructure", "Services\Product\TechMart.Product.Infrastructure\TechMart.Product.Infrastructure.csproj", "{5FAFD70E-E70D-4B0B-9DC0-ED6E35CB0EBC}"
EndProject
Project("{2150E333-8FDC-42A3-9474-1A3956D46DE8}") = "Order", "Order", "{A7F1EA75-F84F-EDAA-1156-120873BE27D5}"
EndProject
Project("{FAE04EC0-301F-11D3-BF4B-00C04F79EFBC}") = "TechMart.Order.API", "Services\Order\TechMart.Order.API\TechMart.Order.API.csproj", "{09555A38-7848-4887-ABEC-F8CADA94F93C}"
EndProject
Project("{FAE04EC0-301F-11D3-BF4B-00C04F79EFBC}") = "TechMart.Order.Application", "Services\Order\TechMart.Order.Application\TechMart.Order.Application.csproj", "{817C5168-947D-43A4-90D3-C575F35AF37A}"
EndProject
Project("{FAE04EC0-301F-11D3-BF4B-00C04F79EFBC}") = "TechMart.Order.Domain", "Services\Order\TechMart.Order.Domain\TechMart.Order.Domain.csproj", "{CCDF21B3-C398-4709-89B2-1336523CC5CD}"
EndProject
Project("{FAE04EC0-301F-11D3-BF4B-00C04F79EFBC}") = "TechMart.Order.Infrastructure", "Services\Order\TechMart.Order.Infrastructure\TechMart.Order.Infrastructure.csproj", "{0CF1B314-F103-43FE-BFC8-D13F5EB87E4D}"
EndProject
Project("{2150E333-8FDC-42A3-9474-1A3956D46DE8}") = "Payment", "Payment", "{714CC2AF-245C-D6B1-E117-A1157E62AF44}"
EndProject
Project("{FAE04EC0-301F-11D3-BF4B-00C04F79EFBC}") = "TechMart.Payment.API", "Services\Payment\TechMart.Payment.API\TechMart.Payment.API.csproj", "{6861D505-9835-410C-8B3E-F2AD83A376CB}"
EndProject
Project("{FAE04EC0-301F-11D3-BF4B-00C04F79EFBC}") = "TechMart.Payment.Application", "Services\Payment\TechMart.Payment.Application\TechMart.Payment.Application.csproj", "{5C94F758-65DC-460F-BF76-8E373B028C55}"
EndProject
Project("{FAE04EC0-301F-11D3-BF4B-00C04F79EFBC}") = "TechMart.Payment.Domain", "Services\Payment\TechMart.Payment.Domain\TechMart.Payment.Domain.csproj", "{2FF78E46-534A-4594-8E72-04FF5B22AAEF}"
EndProject
Project("{FAE04EC0-301F-11D3-BF4B-00C04F79EFBC}") = "TechMart.Payment.Infrastructure", "Services\Payment\TechMart.Payment.Infrastructure\TechMart.Payment.Infrastructure.csproj", "{7576B84A-60F9-4E14-A508-7EA7E21EFE3B}"
EndProject
Project("{2150E333-8FDC-42A3-9474-1A3956D46DE8}") = "Notification", "Notification", "{06470F13-D646-4954-ED4A-FA216054436A}"
EndProject
Project("{FAE04EC0-301F-11D3-BF4B-00C04F79EFBC}") = "TechMart.Notification.API", "Services\Notification\TechMart.Notification.API\TechMart.Notification.API.csproj", "{65D394FA-672B-4591-B09E-9F0CDA7BD1F9}"
EndProject
Project("{FAE04EC0-301F-11D3-BF4B-00C04F79EFBC}") = "TechMart.Notification.Application", "Services\Notification\TechMart.Notification.Application\TechMart.Notification.Application.csproj", "{8276B9C5-5CF0-4FFA-BF6C-2004801E5E6D}"
EndProject
Project("{FAE04EC0-301F-11D3-BF4B-00C04F79EFBC}") = "TechMart.Notification.Domain", "Services\Notification\TechMart.Notification.Domain\TechMart.Notification.Domain.csproj", "{94712B9E-E921-49B8-9588-8E11A3B3C136}"
EndProject
Project("{FAE04EC0-301F-11D3-BF4B-00C04F79EFBC}") = "TechMart.Notification.Infrastructure", "Services\Notification\TechMart.Notification.Infrastructure\TechMart.Notification.Infrastructure.csproj", "{27893E38-6420-44DA-A51E-E17279E3884C}"
EndProject
Project("{2150E333-8FDC-42A3-9474-1A3956D46DE8}") = "Analytics", "Analytics", "{093D18F0-D003-314D-5FF9-986B0F652A33}"
EndProject
Project("{FAE04EC0-301F-11D3-BF4B-00C04F79EFBC}") = "TechMart.Analytics.API", "Services\Analytics\TechMart.Analytics.API\TechMart.Analytics.API.csproj", "{0C72D224-1C35-4B95-AF3C-763D6588803D}"
EndProject
Project("{FAE04EC0-301F-11D3-BF4B-00C04F79EFBC}") = "TechMart.Analytics.Application", "Services\Analytics\TechMart.Analytics.Application\TechMart.Analytics.Application.csproj", "{28F0E8E0-2D60-42F0-BE84-014AA24E3D38}"
EndProject
Project("{FAE04EC0-301F-11D3-BF4B-00C04F79EFBC}") = "TechMart.Analytics.Domain", "Services\Analytics\TechMart.Analytics.Domain\TechMart.Analytics.Domain.csproj", "{5D6A39E3-9F20-49B4-BC2D-3470A0DEA02D}"
EndProject
Project("{FAE04EC0-301F-11D3-BF4B-00C04F79EFBC}") = "TechMart.Analytics.Infrastructure", "Services\Analytics\TechMart.Analytics.Infrastructure\TechMart.Analytics.Infrastructure.csproj", "{2D6D1165-E08A-40E5-B3E8-5F469458AA18}"
EndProject
Project("{FAE04EC0-301F-11D3-BF4B-00C04F79EFBC}") = "TechMart.UnitTests", "..\tests\UnitTests\TechMart.UnitTests.csproj", "{648F7840-6A30-451C-B008-C8EE64746BE0}"
EndProject
Project("{FAE04EC0-301F-11D3-BF4B-00C04F79EFBC}") = "TechMart.IntegrationTests", "..\tests\IntegrationTests\TechMart.IntegrationTests.csproj", "{54C18A90-4C26-4940-9E24-8610FFE09492}"
EndProject
Project("{FAE04EC0-301F-11D3-BF4B-00C04F79EFBC}") = "TechMart.E2ETests", "..\tests\E2ETests\TechMart.E2ETests.csproj", "{19C8E910-755C-407F-9309-C70593DB17DA}"
EndProject
Global
	GlobalSection(SolutionConfigurationPlatforms) = preSolution
		Debug|Any CPU = Debug|Any CPU
		Debug|x64 = Debug|x64
		Debug|x86 = Debug|x86
		Release|Any CPU = Release|Any CPU
		Release|x64 = Release|x64
		Release|x86 = Release|x86
	EndGlobalSection
	GlobalSection(ProjectConfigurationPlatforms) = postSolution
		{23B11657-57EA-46B3-9064-356A161CACB6}.Debug|Any CPU.ActiveCfg = Debug|Any CPU
		{23B11657-57EA-46B3-9064-356A161CACB6}.Debug|Any CPU.Build.0 = Debug|Any CPU
		{23B11657-57EA-46B3-9064-356A161CACB6}.Debug|x64.ActiveCfg = Debug|Any CPU
		{23B11657-57EA-46B3-9064-356A161CACB6}.Debug|x64.Build.0 = Debug|Any CPU
		{23B11657-57EA-46B3-9064-356A161CACB6}.Debug|x86.ActiveCfg = Debug|Any CPU
		{23B11657-57EA-46B3-9064-356A161CACB6}.Debug|x86.Build.0 = Debug|Any CPU
		{23B11657-57EA-46B3-9064-356A161CACB6}.Release|Any CPU.ActiveCfg = Release|Any CPU
		{23B11657-57EA-46B3-9064-356A161CACB6}.Release|Any CPU.Build.0 = Release|Any CPU
		{23B11657-57EA-46B3-9064-356A161CACB6}.Release|x64.ActiveCfg = Release|Any CPU
		{23B11657-57EA-46B3-9064-356A161CACB6}.Release|x64.Build.0 = Release|Any CPU
		{23B11657-57EA-46B3-9064-356A161CACB6}.Release|x86.ActiveCfg = Release|Any CPU
		{23B11657-57EA-46B3-9064-356A161CACB6}.Release|x86.Build.0 = Release|Any CPU
		{E861B573-5893-42B8-8096-532FBB85C59E}.Debug|Any CPU.ActiveCfg = Debug|Any CPU
		{E861B573-5893-42B8-8096-532FBB85C59E}.Debug|Any CPU.Build.0 = Debug|Any CPU
		{E861B573-5893-42B8-8096-532FBB85C59E}.Debug|x64.ActiveCfg = Debug|Any CPU
		{E861B573-5893-42B8-8096-532FBB85C59E}.Debug|x64.Build.0 = Debug|Any CPU
		{E861B573-5893-42B8-8096-532FBB85C59E}.Debug|x86.ActiveCfg = Debug|Any CPU
		{E861B573-5893-42B8-8096-532FBB85C59E}.Debug|x86.Build.0 = Debug|Any CPU
		{E861B573-5893-42B8-8096-532FBB85C59E}.Release|Any CPU.ActiveCfg = Release|Any CPU
		{E861B573-5893-42B8-8096-532FBB85C59E}.Release|Any CPU.Build.0 = Release|Any CPU
		{E861B573-5893-42B8-8096-532FBB85C59E}.Release|x64.ActiveCfg = Release|Any CPU
		{E861B573-5893-42B8-8096-532FBB85C59E}.Release|x64.Build.0 = Release|Any CPU
		{E861B573-5893-42B8-8096-532FBB85C59E}.Release|x86.ActiveCfg = Release|Any CPU
		{E861B573-5893-42B8-8096-532FBB85C59E}.Release|x86.Build.0 = Release|Any CPU
		{FFC5CD3D-9FAF-4C0D-8B1B-E04F621FEFE7}.Debug|Any CPU.ActiveCfg = Debug|Any CPU
		{FFC5CD3D-9FAF-4C0D-8B1B-E04F621FEFE7}.Debug|Any CPU.Build.0 = Debug|Any CPU
		{FFC5CD3D-9FAF-4C0D-8B1B-E04F621FEFE7}.Debug|x64.ActiveCfg = Debug|Any CPU
		{FFC5CD3D-9FAF-4C0D-8B1B-E04F621FEFE7}.Debug|x64.Build.0 = Debug|Any CPU
		{FFC5CD3D-9FAF-4C0D-8B1B-E04F621FEFE7}.Debug|x86.ActiveCfg = Debug|Any CPU
		{FFC5CD3D-9FAF-4C0D-8B1B-E04F621FEFE7}.Debug|x86.Build.0 = Debug|Any CPU
		{FFC5CD3D-9FAF-4C0D-8B1B-E04F621FEFE7}.Release|Any CPU.ActiveCfg = Release|Any CPU
		{FFC5CD3D-9FAF-4C0D-8B1B-E04F621FEFE7}.Release|Any CPU.Build.0 = Release|Any CPU
		{FFC5CD3D-9FAF-4C0D-8B1B-E04F621FEFE7}.Release|x64.ActiveCfg = Release|Any CPU
		{FFC5CD3D-9FAF-4C0D-8B1B-E04F621FEFE7}.Release|x64.Build.0 = Release|Any CPU
		{FFC5CD3D-9FAF-4C0D-8B1B-E04F621FEFE7}.Release|x86.ActiveCfg = Release|Any CPU
		{FFC5CD3D-9FAF-4C0D-8B1B-E04F621FEFE7}.Release|x86.Build.0 = Release|Any CPU
		{738B37A5-2373-48E5-86BC-AA26D53AEFA6}.Debug|Any CPU.ActiveCfg = Debug|Any CPU
		{738B37A5-2373-48E5-86BC-AA26D53AEFA6}.Debug|Any CPU.Build.0 = Debug|Any CPU
		{738B37A5-2373-48E5-86BC-AA26D53AEFA6}.Debug|x64.ActiveCfg = Debug|Any CPU
		{738B37A5-2373-48E5-86BC-AA26D53AEFA6}.Debug|x64.Build.0 = Debug|Any CPU
		{738B37A5-2373-48E5-86BC-AA26D53AEFA6}.Debug|x86.ActiveCfg = Debug|Any CPU
		{738B37A5-2373-48E5-86BC-AA26D53AEFA6}.Debug|x86.Build.0 = Debug|Any CPU
		{738B37A5-2373-48E5-86BC-AA26D53AEFA6}.Release|Any CPU.ActiveCfg = Release|Any CPU
		{738B37A5-2373-48E5-86BC-AA26D53AEFA6}.Release|Any CPU.Build.0 = Release|Any CPU
		{738B37A5-2373-48E5-86BC-AA26D53AEFA6}.Release|x64.ActiveCfg = Release|Any CPU
		{738B37A5-2373-48E5-86BC-AA26D53AEFA6}.Release|x64.Build.0 = Release|Any CPU
		{738B37A5-2373-48E5-86BC-AA26D53AEFA6}.Release|x86.ActiveCfg = Release|Any CPU
		{738B37A5-2373-48E5-86BC-AA26D53AEFA6}.Release|x86.Build.0 = Release|Any CPU
		{A43EE8F8-62D1-403C-9D84-6CEF2634D8CD}.Debug|Any CPU.ActiveCfg = Debug|Any CPU
		{A43EE8F8-62D1-403C-9D84-6CEF2634D8CD}.Debug|Any CPU.Build.0 = Debug|Any CPU
		{A43EE8F8-62D1-403C-9D84-6CEF2634D8CD}.Debug|x64.ActiveCfg = Debug|Any CPU
		{A43EE8F8-62D1-403C-9D84-6CEF2634D8CD}.Debug|x64.Build.0 = Debug|Any CPU
		{A43EE8F8-62D1-403C-9D84-6CEF2634D8CD}.Debug|x86.ActiveCfg = Debug|Any CPU
		{A43EE8F8-62D1-403C-9D84-6CEF2634D8CD}.Debug|x86.Build.0 = Debug|Any CPU
		{A43EE8F8-62D1-403C-9D84-6CEF2634D8CD}.Release|Any CPU.ActiveCfg = Release|Any CPU
		{A43EE8F8-62D1-403C-9D84-6CEF2634D8CD}.Release|Any CPU.Build.0 = Release|Any CPU
		{A43EE8F8-62D1-403C-9D84-6CEF2634D8CD}.Release|x64.ActiveCfg = Release|Any CPU
		{A43EE8F8-62D1-403C-9D84-6CEF2634D8CD}.Release|x64.Build.0 = Release|Any CPU
		{A43EE8F8-62D1-403C-9D84-6CEF2634D8CD}.Release|x86.ActiveCfg = Release|Any CPU
		{A43EE8F8-62D1-403C-9D84-6CEF2634D8CD}.Release|x86.Build.0 = Release|Any CPU
		{0E2A513B-7FD8-4E28-8939-2DEBBEAE4C2A}.Debug|Any CPU.ActiveCfg = Debug|Any CPU
		{0E2A513B-7FD8-4E28-8939-2DEBBEAE4C2A}.Debug|Any CPU.Build.0 = Debug|Any CPU
		{0E2A513B-7FD8-4E28-8939-2DEBBEAE4C2A}.Debug|x64.ActiveCfg = Debug|Any CPU
		{0E2A513B-7FD8-4E28-8939-2DEBBEAE4C2A}.Debug|x64.Build.0 = Debug|Any CPU
		{0E2A513B-7FD8-4E28-8939-2DEBBEAE4C2A}.Debug|x86.ActiveCfg = Debug|Any CPU
		{0E2A513B-7FD8-4E28-8939-2DEBBEAE4C2A}.Debug|x86.Build.0 = Debug|Any CPU
		{0E2A513B-7FD8-4E28-8939-2DEBBEAE4C2A}.Release|Any CPU.ActiveCfg = Release|Any CPU
		{0E2A513B-7FD8-4E28-8939-2DEBBEAE4C2A}.Release|Any CPU.Build.0 = Release|Any CPU
		{0E2A513B-7FD8-4E28-8939-2DEBBEAE4C2A}.Release|x64.ActiveCfg = Release|Any CPU
		{0E2A513B-7FD8-4E28-8939-2DEBBEAE4C2A}.Release|x64.Build.0 = Release|Any CPU
		{0E2A513B-7FD8-4E28-8939-2DEBBEAE4C2A}.Release|x86.ActiveCfg = Release|Any CPU
		{0E2A513B-7FD8-4E28-8939-2DEBBEAE4C2A}.Release|x86.Build.0 = Release|Any CPU
		{D5791CBE-85EE-4E97-9B74-4C5F09562E7B}.Debug|Any CPU.ActiveCfg = Debug|Any CPU
		{D5791CBE-85EE-4E97-9B74-4C5F09562E7B}.Debug|Any CPU.Build.0 = Debug|Any CPU
		{D5791CBE-85EE-4E97-9B74-4C5F09562E7B}.Debug|x64.ActiveCfg = Debug|Any CPU
		{D5791CBE-85EE-4E97-9B74-4C5F09562E7B}.Debug|x64.Build.0 = Debug|Any CPU
		{D5791CBE-85EE-4E97-9B74-4C5F09562E7B}.Debug|x86.ActiveCfg = Debug|Any CPU
		{D5791CBE-85EE-4E97-9B74-4C5F09562E7B}.Debug|x86.Build.0 = Debug|Any CPU
		{D5791CBE-85EE-4E97-9B74-4C5F09562E7B}.Release|Any CPU.ActiveCfg = Release|Any CPU
		{D5791CBE-85EE-4E97-9B74-4C5F09562E7B}.Release|Any CPU.Build.0 = Release|Any CPU
		{D5791CBE-85EE-4E97-9B74-4C5F09562E7B}.Release|x64.ActiveCfg = Release|Any CPU
		{D5791CBE-85EE-4E97-9B74-4C5F09562E7B}.Release|x64.Build.0 = Release|Any CPU
		{D5791CBE-85EE-4E97-9B74-4C5F09562E7B}.Release|x86.ActiveCfg = Release|Any CPU
		{D5791CBE-85EE-4E97-9B74-4C5F09562E7B}.Release|x86.Build.0 = Release|Any CPU
		{B3127F73-ABC6-4560-A1C8-8CE05CE03D6A}.Debug|Any CPU.ActiveCfg = Debug|Any CPU
		{B3127F73-ABC6-4560-A1C8-8CE05CE03D6A}.Debug|Any CPU.Build.0 = Debug|Any CPU
		{B3127F73-ABC6-4560-A1C8-8CE05CE03D6A}.Debug|x64.ActiveCfg = Debug|Any CPU
		{B3127F73-ABC6-4560-A1C8-8CE05CE03D6A}.Debug|x64.Build.0 = Debug|Any CPU
		{B3127F73-ABC6-4560-A1C8-8CE05CE03D6A}.Debug|x86.ActiveCfg = Debug|Any CPU
		{B3127F73-ABC6-4560-A1C8-8CE05CE03D6A}.Debug|x86.Build.0 = Debug|Any CPU
		{B3127F73-ABC6-4560-A1C8-8CE05CE03D6A}.Release|Any CPU.ActiveCfg = Release|Any CPU
		{B3127F73-ABC6-4560-A1C8-8CE05CE03D6A}.Release|Any CPU.Build.0 = Release|Any CPU
		{B3127F73-ABC6-4560-A1C8-8CE05CE03D6A}.Release|x64.ActiveCfg = Release|Any CPU
		{B3127F73-ABC6-4560-A1C8-8CE05CE03D6A}.Release|x64.Build.0 = Release|Any CPU
		{B3127F73-ABC6-4560-A1C8-8CE05CE03D6A}.Release|x86.ActiveCfg = Release|Any CPU
		{B3127F73-ABC6-4560-A1C8-8CE05CE03D6A}.Release|x86.Build.0 = Release|Any CPU
		{D9200C92-F512-4E4A-9EC5-43DD43F0F17E}.Debug|Any CPU.ActiveCfg = Debug|Any CPU
		{D9200C92-F512-4E4A-9EC5-43DD43F0F17E}.Debug|Any CPU.Build.0 = Debug|Any CPU
		{D9200C92-F512-4E4A-9EC5-43DD43F0F17E}.Debug|x64.ActiveCfg = Debug|Any CPU
		{D9200C92-F512-4E4A-9EC5-43DD43F0F17E}.Debug|x64.Build.0 = Debug|Any CPU
		{D9200C92-F512-4E4A-9EC5-43DD43F0F17E}.Debug|x86.ActiveCfg = Debug|Any CPU
		{D9200C92-F512-4E4A-9EC5-43DD43F0F17E}.Debug|x86.Build.0 = Debug|Any CPU
		{D9200C92-F512-4E4A-9EC5-43DD43F0F17E}.Release|Any CPU.ActiveCfg = Release|Any CPU
		{D9200C92-F512-4E4A-9EC5-43DD43F0F17E}.Release|Any CPU.Build.0 = Release|Any CPU
		{D9200C92-F512-4E4A-9EC5-43DD43F0F17E}.Release|x64.ActiveCfg = Release|Any CPU
		{D9200C92-F512-4E4A-9EC5-43DD43F0F17E}.Release|x64.Build.0 = Release|Any CPU
		{D9200C92-F512-4E4A-9EC5-43DD43F0F17E}.Release|x86.ActiveCfg = Release|Any CPU
		{D9200C92-F512-4E4A-9EC5-43DD43F0F17E}.Release|x86.Build.0 = Release|Any CPU
		{05EAE986-AF90-408E-B5E7-3897BF8A809B}.Debug|Any CPU.ActiveCfg = Debug|Any CPU
		{05EAE986-AF90-408E-B5E7-3897BF8A809B}.Debug|Any CPU.Build.0 = Debug|Any CPU
		{05EAE986-AF90-408E-B5E7-3897BF8A809B}.Debug|x64.ActiveCfg = Debug|Any CPU
		{05EAE986-AF90-408E-B5E7-3897BF8A809B}.Debug|x64.Build.0 = Debug|Any CPU
		{05EAE986-AF90-408E-B5E7-3897BF8A809B}.Debug|x86.ActiveCfg = Debug|Any CPU
		{05EAE986-AF90-408E-B5E7-3897BF8A809B}.Debug|x86.Build.0 = Debug|Any CPU
		{05EAE986-AF90-408E-B5E7-3897BF8A809B}.Release|Any CPU.ActiveCfg = Release|Any CPU
		{05EAE986-AF90-408E-B5E7-3897BF8A809B}.Release|Any CPU.Build.0 = Release|Any CPU
		{05EAE986-AF90-408E-B5E7-3897BF8A809B}.Release|x64.ActiveCfg = Release|Any CPU
		{05EAE986-AF90-408E-B5E7-3897BF8A809B}.Release|x64.Build.0 = Release|Any CPU
		{05EAE986-AF90-408E-B5E7-3897BF8A809B}.Release|x86.ActiveCfg = Release|Any CPU
		{05EAE986-AF90-408E-B5E7-3897BF8A809B}.Release|x86.Build.0 = Release|Any CPU
		{5E9C4B3B-ACAF-4390-AD4D-809A2B79A23C}.Debug|Any CPU.ActiveCfg = Debug|Any CPU
		{5E9C4B3B-ACAF-4390-AD4D-809A2B79A23C}.Debug|Any CPU.Build.0 = Debug|Any CPU
		{5E9C4B3B-ACAF-4390-AD4D-809A2B79A23C}.Debug|x64.ActiveCfg = Debug|Any CPU
		{5E9C4B3B-ACAF-4390-AD4D-809A2B79A23C}.Debug|x64.Build.0 = Debug|Any CPU
		{5E9C4B3B-ACAF-4390-AD4D-809A2B79A23C}.Debug|x86.ActiveCfg = Debug|Any CPU
		{5E9C4B3B-ACAF-4390-AD4D-809A2B79A23C}.Debug|x86.Build.0 = Debug|Any CPU
		{5E9C4B3B-ACAF-4390-AD4D-809A2B79A23C}.Release|Any CPU.ActiveCfg = Release|Any CPU
		{5E9C4B3B-ACAF-4390-AD4D-809A2B79A23C}.Release|Any CPU.Build.0 = Release|Any CPU
		{5E9C4B3B-ACAF-4390-AD4D-809A2B79A23C}.Release|x64.ActiveCfg = Release|Any CPU
		{5E9C4B3B-ACAF-4390-AD4D-809A2B79A23C}.Release|x64.Build.0 = Release|Any CPU
		{5E9C4B3B-ACAF-4390-AD4D-809A2B79A23C}.Release|x86.ActiveCfg = Release|Any CPU
		{5E9C4B3B-ACAF-4390-AD4D-809A2B79A23C}.Release|x86.Build.0 = Release|Any CPU
		{277FDB14-8F8E-4F38-96D5-DDA64452608B}.Debug|Any CPU.ActiveCfg = Debug|Any CPU
		{277FDB14-8F8E-4F38-96D5-DDA64452608B}.Debug|Any CPU.Build.0 = Debug|Any CPU
		{277FDB14-8F8E-4F38-96D5-DDA64452608B}.Debug|x64.ActiveCfg = Debug|Any CPU
		{277FDB14-8F8E-4F38-96D5-DDA64452608B}.Debug|x64.Build.0 = Debug|Any CPU
		{277FDB14-8F8E-4F38-96D5-DDA64452608B}.Debug|x86.ActiveCfg = Debug|Any CPU
		{277FDB14-8F8E-4F38-96D5-DDA64452608B}.Debug|x86.Build.0 = Debug|Any CPU
		{277FDB14-8F8E-4F38-96D5-DDA64452608B}.Release|Any CPU.ActiveCfg = Release|Any CPU
		{277FDB14-8F8E-4F38-96D5-DDA64452608B}.Release|Any CPU.Build.0 = Release|Any CPU
		{277FDB14-8F8E-4F38-96D5-DDA64452608B}.Release|x64.ActiveCfg = Release|Any CPU
		{277FDB14-8F8E-4F38-96D5-DDA64452608B}.Release|x64.Build.0 = Release|Any CPU
		{277FDB14-8F8E-4F38-96D5-DDA64452608B}.Release|x86.ActiveCfg = Release|Any CPU
		{277FDB14-8F8E-4F38-96D5-DDA64452608B}.Release|x86.Build.0 = Release|Any CPU
		{552C4E7E-75F5-45D5-8F6F-1C7ECC61BB5E}.Debug|Any CPU.ActiveCfg = Debug|Any CPU
		{552C4E7E-75F5-45D5-8F6F-1C7ECC61BB5E}.Debug|Any CPU.Build.0 = Debug|Any CPU
		{552C4E7E-75F5-45D5-8F6F-1C7ECC61BB5E}.Debug|x64.ActiveCfg = Debug|Any CPU
		{552C4E7E-75F5-45D5-8F6F-1C7ECC61BB5E}.Debug|x64.Build.0 = Debug|Any CPU
		{552C4E7E-75F5-45D5-8F6F-1C7ECC61BB5E}.Debug|x86.ActiveCfg = Debug|Any CPU
		{552C4E7E-75F5-45D5-8F6F-1C7ECC61BB5E}.Debug|x86.Build.0 = Debug|Any CPU
		{552C4E7E-75F5-45D5-8F6F-1C7ECC61BB5E}.Release|Any CPU.ActiveCfg = Release|Any CPU
		{552C4E7E-75F5-45D5-8F6F-1C7ECC61BB5E}.Release|Any CPU.Build.0 = Release|Any CPU
		{552C4E7E-75F5-45D5-8F6F-1C7ECC61BB5E}.Release|x64.ActiveCfg = Release|Any CPU
		{552C4E7E-75F5-45D5-8F6F-1C7ECC61BB5E}.Release|x64.Build.0 = Release|Any CPU
		{552C4E7E-75F5-45D5-8F6F-1C7ECC61BB5E}.Release|x86.ActiveCfg = Release|Any CPU
		{552C4E7E-75F5-45D5-8F6F-1C7ECC61BB5E}.Release|x86.Build.0 = Release|Any CPU
		{5FAFD70E-E70D-4B0B-9DC0-ED6E35CB0EBC}.Debug|Any CPU.ActiveCfg = Debug|Any CPU
		{5FAFD70E-E70D-4B0B-9DC0-ED6E35CB0EBC}.Debug|Any CPU.Build.0 = Debug|Any CPU
		{5FAFD70E-E70D-4B0B-9DC0-ED6E35CB0EBC}.Debug|x64.ActiveCfg = Debug|Any CPU
		{5FAFD70E-E70D-4B0B-9DC0-ED6E35CB0EBC}.Debug|x64.Build.0 = Debug|Any CPU
		{5FAFD70E-E70D-4B0B-9DC0-ED6E35CB0EBC}.Debug|x86.ActiveCfg = Debug|Any CPU
		{5FAFD70E-E70D-4B0B-9DC0-ED6E35CB0EBC}.Debug|x86.Build.0 = Debug|Any CPU
		{5FAFD70E-E70D-4B0B-9DC0-ED6E35CB0EBC}.Release|Any CPU.ActiveCfg = Release|Any CPU
		{5FAFD70E-E70D-4B0B-9DC0-ED6E35CB0EBC}.Release|Any CPU.Build.0 = Release|Any CPU
		{5FAFD70E-E70D-4B0B-9DC0-ED6E35CB0EBC}.Release|x64.ActiveCfg = Release|Any CPU
		{5FAFD70E-E70D-4B0B-9DC0-ED6E35CB0EBC}.Release|x64.Build.0 = Release|Any CPU
		{5FAFD70E-E70D-4B0B-9DC0-ED6E35CB0EBC}.Release|x86.ActiveCfg = Release|Any CPU
		{5FAFD70E-E70D-4B0B-9DC0-ED6E35CB0EBC}.Release|x86.Build.0 = Release|Any CPU
		{09555A38-7848-4887-ABEC-F8CADA94F93C}.Debug|Any CPU.ActiveCfg = Debug|Any CPU
		{09555A38-7848-4887-ABEC-F8CADA94F93C}.Debug|Any CPU.Build.0 = Debug|Any CPU
		{09555A38-7848-4887-ABEC-F8CADA94F93C}.Debug|x64.ActiveCfg = Debug|Any CPU
		{09555A38-7848-4887-ABEC-F8CADA94F93C}.Debug|x64.Build.0 = Debug|Any CPU
		{09555A38-7848-4887-ABEC-F8CADA94F93C}.Debug|x86.ActiveCfg = Debug|Any CPU
		{09555A38-7848-4887-ABEC-F8CADA94F93C}.Debug|x86.Build.0 = Debug|Any CPU
		{09555A38-7848-4887-ABEC-F8CADA94F93C}.Release|Any CPU.ActiveCfg = Release|Any CPU
		{09555A38-7848-4887-ABEC-F8CADA94F93C}.Release|Any CPU.Build.0 = Release|Any CPU
		{09555A38-7848-4887-ABEC-F8CADA94F93C}.Release|x64.ActiveCfg = Release|Any CPU
		{09555A38-7848-4887-ABEC-F8CADA94F93C}.Release|x64.Build.0 = Release|Any CPU
		{09555A38-7848-4887-ABEC-F8CADA94F93C}.Release|x86.ActiveCfg = Release|Any CPU
		{09555A38-7848-4887-ABEC-F8CADA94F93C}.Release|x86.Build.0 = Release|Any CPU
		{817C5168-947D-43A4-90D3-C575F35AF37A}.Debug|Any CPU.ActiveCfg = Debug|Any CPU
		{817C5168-947D-43A4-90D3-C575F35AF37A}.Debug|Any CPU.Build.0 = Debug|Any CPU
		{817C5168-947D-43A4-90D3-C575F35AF37A}.Debug|x64.ActiveCfg = Debug|Any CPU
		{817C5168-947D-43A4-90D3-C575F35AF37A}.Debug|x64.Build.0 = Debug|Any CPU
		{817C5168-947D-43A4-90D3-C575F35AF37A}.Debug|x86.ActiveCfg = Debug|Any CPU
		{817C5168-947D-43A4-90D3-C575F35AF37A}.Debug|x86.Build.0 = Debug|Any CPU
		{817C5168-947D-43A4-90D3-C575F35AF37A}.Release|Any CPU.ActiveCfg = Release|Any CPU
		{817C5168-947D-43A4-90D3-C575F35AF37A}.Release|Any CPU.Build.0 = Release|Any CPU
		{817C5168-947D-43A4-90D3-C575F35AF37A}.Release|x64.ActiveCfg = Release|Any CPU
		{817C5168-947D-43A4-90D3-C575F35AF37A}.Release|x64.Build.0 = Release|Any CPU
		{817C5168-947D-43A4-90D3-C575F35AF37A}.Release|x86.ActiveCfg = Release|Any CPU
		{817C5168-947D-43A4-90D3-C575F35AF37A}.Release|x86.Build.0 = Release|Any CPU
		{CCDF21B3-C398-4709-89B2-1336523CC5CD}.Debug|Any CPU.ActiveCfg = Debug|Any CPU
		{CCDF21B3-C398-4709-89B2-1336523CC5CD}.Debug|Any CPU.Build.0 = Debug|Any CPU
		{CCDF21B3-C398-4709-89B2-1336523CC5CD}.Debug|x64.ActiveCfg = Debug|Any CPU
		{CCDF21B3-C398-4709-89B2-1336523CC5CD}.Debug|x64.Build.0 = Debug|Any CPU
		{CCDF21B3-C398-4709-89B2-1336523CC5CD}.Debug|x86.ActiveCfg = Debug|Any CPU
		{CCDF21B3-C398-4709-89B2-1336523CC5CD}.Debug|x86.Build.0 = Debug|Any CPU
		{CCDF21B3-C398-4709-89B2-1336523CC5CD}.Release|Any CPU.ActiveCfg = Release|Any CPU
		{CCDF21B3-C398-4709-89B2-1336523CC5CD}.Release|Any CPU.Build.0 = Release|Any CPU
		{CCDF21B3-C398-4709-89B2-1336523CC5CD}.Release|x64.ActiveCfg = Release|Any CPU
		{CCDF21B3-C398-4709-89B2-1336523CC5CD}.Release|x64.Build.0 = Release|Any CPU
		{CCDF21B3-C398-4709-89B2-1336523CC5CD}.Release|x86.ActiveCfg = Release|Any CPU
		{CCDF21B3-C398-4709-89B2-1336523CC5CD}.Release|x86.Build.0 = Release|Any CPU
		{0CF1B314-F103-43FE-BFC8-D13F5EB87E4D}.Debug|Any CPU.ActiveCfg = Debug|Any CPU
		{0CF1B314-F103-43FE-BFC8-D13F5EB87E4D}.Debug|Any CPU.Build.0 = Debug|Any CPU
		{0CF1B314-F103-43FE-BFC8-D13F5EB87E4D}.Debug|x64.ActiveCfg = Debug|Any CPU
		{0CF1B314-F103-43FE-BFC8-D13F5EB87E4D}.Debug|x64.Build.0 = Debug|Any CPU
		{0CF1B314-F103-43FE-BFC8-D13F5EB87E4D}.Debug|x86.ActiveCfg = Debug|Any CPU
		{0CF1B314-F103-43FE-BFC8-D13F5EB87E4D}.Debug|x86.Build.0 = Debug|Any CPU
		{0CF1B314-F103-43FE-BFC8-D13F5EB87E4D}.Release|Any CPU.ActiveCfg = Release|Any CPU
		{0CF1B314-F103-43FE-BFC8-D13F5EB87E4D}.Release|Any CPU.Build.0 = Release|Any CPU
		{0CF1B314-F103-43FE-BFC8-D13F5EB87E4D}.Release|x64.ActiveCfg = Release|Any CPU
		{0CF1B314-F103-43FE-BFC8-D13F5EB87E4D}.Release|x64.Build.0 = Release|Any CPU
		{0CF1B314-F103-43FE-BFC8-D13F5EB87E4D}.Release|x86.ActiveCfg = Release|Any CPU
		{0CF1B314-F103-43FE-BFC8-D13F5EB87E4D}.Release|x86.Build.0 = Release|Any CPU
		{6861D505-9835-410C-8B3E-F2AD83A376CB}.Debug|Any CPU.ActiveCfg = Debug|Any CPU
		{6861D505-9835-410C-8B3E-F2AD83A376CB}.Debug|Any CPU.Build.0 = Debug|Any CPU
		{6861D505-9835-410C-8B3E-F2AD83A376CB}.Debug|x64.ActiveCfg = Debug|Any CPU
		{6861D505-9835-410C-8B3E-F2AD83A376CB}.Debug|x64.Build.0 = Debug|Any CPU
		{6861D505-9835-410C-8B3E-F2AD83A376CB}.Debug|x86.ActiveCfg = Debug|Any CPU
		{6861D505-9835-410C-8B3E-F2AD83A376CB}.Debug|x86.Build.0 = Debug|Any CPU
		{6861D505-9835-410C-8B3E-F2AD83A376CB}.Release|Any CPU.ActiveCfg = Release|Any CPU
		{6861D505-9835-410C-8B3E-F2AD83A376CB}.Release|Any CPU.Build.0 = Release|Any CPU
		{6861D505-9835-410C-8B3E-F2AD83A376CB}.Release|x64.ActiveCfg = Release|Any CPU
		{6861D505-9835-410C-8B3E-F2AD83A376CB}.Release|x64.Build.0 = Release|Any CPU
		{6861D505-9835-410C-8B3E-F2AD83A376CB}.Release|x86.ActiveCfg = Release|Any CPU
		{6861D505-9835-410C-8B3E-F2AD83A376CB}.Release|x86.Build.0 = Release|Any CPU
		{5C94F758-65DC-460F-BF76-8E373B028C55}.Debug|Any CPU.ActiveCfg = Debug|Any CPU
		{5C94F758-65DC-460F-BF76-8E373B028C55}.Debug|Any CPU.Build.0 = Debug|Any CPU
		{5C94F758-65DC-460F-BF76-8E373B028C55}.Debug|x64.ActiveCfg = Debug|Any CPU
		{5C94F758-65DC-460F-BF76-8E373B028C55}.Debug|x64.Build.0 = Debug|Any CPU
		{5C94F758-65DC-460F-BF76-8E373B028C55}.Debug|x86.ActiveCfg = Debug|Any CPU
		{5C94F758-65DC-460F-BF76-8E373B028C55}.Debug|x86.Build.0 = Debug|Any CPU
		{5C94F758-65DC-460F-BF76-8E373B028C55}.Release|Any CPU.ActiveCfg = Release|Any CPU
		{5C94F758-65DC-460F-BF76-8E373B028C55}.Release|Any CPU.Build.0 = Release|Any CPU
		{5C94F758-65DC-460F-BF76-8E373B028C55}.Release|x64.ActiveCfg = Release|Any CPU
		{5C94F758-65DC-460F-BF76-8E373B028C55}.Release|x64.Build.0 = Release|Any CPU
		{5C94F758-65DC-460F-BF76-8E373B028C55}.Release|x86.ActiveCfg = Release|Any CPU
		{5C94F758-65DC-460F-BF76-8E373B028C55}.Release|x86.Build.0 = Release|Any CPU
		{2FF78E46-534A-4594-8E72-04FF5B22AAEF}.Debug|Any CPU.ActiveCfg = Debug|Any CPU
		{2FF78E46-534A-4594-8E72-04FF5B22AAEF}.Debug|Any CPU.Build.0 = Debug|Any CPU
		{2FF78E46-534A-4594-8E72-04FF5B22AAEF}.Debug|x64.ActiveCfg = Debug|Any CPU
		{2FF78E46-534A-4594-8E72-04FF5B22AAEF}.Debug|x64.Build.0 = Debug|Any CPU
		{2FF78E46-534A-4594-8E72-04FF5B22AAEF}.Debug|x86.ActiveCfg = Debug|Any CPU
		{2FF78E46-534A-4594-8E72-04FF5B22AAEF}.Debug|x86.Build.0 = Debug|Any CPU
		{2FF78E46-534A-4594-8E72-04FF5B22AAEF}.Release|Any CPU.ActiveCfg = Release|Any CPU
		{2FF78E46-534A-4594-8E72-04FF5B22AAEF}.Release|Any CPU.Build.0 = Release|Any CPU
		{2FF78E46-534A-4594-8E72-04FF5B22AAEF}.Release|x64.ActiveCfg = Release|Any CPU
		{2FF78E46-534A-4594-8E72-04FF5B22AAEF}.Release|x64.Build.0 = Release|Any CPU
		{2FF78E46-534A-4594-8E72-04FF5B22AAEF}.Release|x86.ActiveCfg = Release|Any CPU
		{2FF78E46-534A-4594-8E72-04FF5B22AAEF}.Release|x86.Build.0 = Release|Any CPU
		{7576B84A-60F9-4E14-A508-7EA7E21EFE3B}.Debug|Any CPU.ActiveCfg = Debug|Any CPU
		{7576B84A-60F9-4E14-A508-7EA7E21EFE3B}.Debug|Any CPU.Build.0 = Debug|Any CPU
		{7576B84A-60F9-4E14-A508-7EA7E21EFE3B}.Debug|x64.ActiveCfg = Debug|Any CPU
		{7576B84A-60F9-4E14-A508-7EA7E21EFE3B}.Debug|x64.Build.0 = Debug|Any CPU
		{7576B84A-60F9-4E14-A508-7EA7E21EFE3B}.Debug|x86.ActiveCfg = Debug|Any CPU
		{7576B84A-60F9-4E14-A508-7EA7E21EFE3B}.Debug|x86.Build.0 = Debug|Any CPU
		{7576B84A-60F9-4E14-A508-7EA7E21EFE3B}.Release|Any CPU.ActiveCfg = Release|Any CPU
		{7576B84A-60F9-4E14-A508-7EA7E21EFE3B}.Release|Any CPU.Build.0 = Release|Any CPU
		{7576B84A-60F9-4E14-A508-7EA7E21EFE3B}.Release|x64.ActiveCfg = Release|Any CPU
		{7576B84A-60F9-4E14-A508-7EA7E21EFE3B}.Release|x64.Build.0 = Release|Any CPU
		{7576B84A-60F9-4E14-A508-7EA7E21EFE3B}.Release|x86.ActiveCfg = Release|Any CPU
		{7576B84A-60F9-4E14-A508-7EA7E21EFE3B}.Release|x86.Build.0 = Release|Any CPU
		{65D394FA-672B-4591-B09E-9F0CDA7BD1F9}.Debug|Any CPU.ActiveCfg = Debug|Any CPU
		{65D394FA-672B-4591-B09E-9F0CDA7BD1F9}.Debug|Any CPU.Build.0 = Debug|Any CPU
		{65D394FA-672B-4591-B09E-9F0CDA7BD1F9}.Debug|x64.ActiveCfg = Debug|Any CPU
		{65D394FA-672B-4591-B09E-9F0CDA7BD1F9}.Debug|x64.Build.0 = Debug|Any CPU
		{65D394FA-672B-4591-B09E-9F0CDA7BD1F9}.Debug|x86.ActiveCfg = Debug|Any CPU
		{65D394FA-672B-4591-B09E-9F0CDA7BD1F9}.Debug|x86.Build.0 = Debug|Any CPU
		{65D394FA-672B-4591-B09E-9F0CDA7BD1F9}.Release|Any CPU.ActiveCfg = Release|Any CPU
		{65D394FA-672B-4591-B09E-9F0CDA7BD1F9}.Release|Any CPU.Build.0 = Release|Any CPU
		{65D394FA-672B-4591-B09E-9F0CDA7BD1F9}.Release|x64.ActiveCfg = Release|Any CPU
		{65D394FA-672B-4591-B09E-9F0CDA7BD1F9}.Release|x64.Build.0 = Release|Any CPU
		{65D394FA-672B-4591-B09E-9F0CDA7BD1F9}.Release|x86.ActiveCfg = Release|Any CPU
		{65D394FA-672B-4591-B09E-9F0CDA7BD1F9}.Release|x86.Build.0 = Release|Any CPU
		{8276B9C5-5CF0-4FFA-BF6C-2004801E5E6D}.Debug|Any CPU.ActiveCfg = Debug|Any CPU
		{8276B9C5-5CF0-4FFA-BF6C-2004801E5E6D}.Debug|Any CPU.Build.0 = Debug|Any CPU
		{8276B9C5-5CF0-4FFA-BF6C-2004801E5E6D}.Debug|x64.ActiveCfg = Debug|Any CPU
		{8276B9C5-5CF0-4FFA-BF6C-2004801E5E6D}.Debug|x64.Build.0 = Debug|Any CPU
		{8276B9C5-5CF0-4FFA-BF6C-2004801E5E6D}.Debug|x86.ActiveCfg = Debug|Any CPU
		{8276B9C5-5CF0-4FFA-BF6C-2004801E5E6D}.Debug|x86.Build.0 = Debug|Any CPU
		{8276B9C5-5CF0-4FFA-BF6C-2004801E5E6D}.Release|Any CPU.ActiveCfg = Release|Any CPU
		{8276B9C5-5CF0-4FFA-BF6C-2004801E5E6D}.Release|Any CPU.Build.0 = Release|Any CPU
		{8276B9C5-5CF0-4FFA-BF6C-2004801E5E6D}.Release|x64.ActiveCfg = Release|Any CPU
		{8276B9C5-5CF0-4FFA-BF6C-2004801E5E6D}.Release|x64.Build.0 = Release|Any CPU
		{8276B9C5-5CF0-4FFA-BF6C-2004801E5E6D}.Release|x86.ActiveCfg = Release|Any CPU
		{8276B9C5-5CF0-4FFA-BF6C-2004801E5E6D}.Release|x86.Build.0 = Release|Any CPU
		{94712B9E-E921-49B8-9588-8E11A3B3C136}.Debug|Any CPU.ActiveCfg = Debug|Any CPU
		{94712B9E-E921-49B8-9588-8E11A3B3C136}.Debug|Any CPU.Build.0 = Debug|Any CPU
		{94712B9E-E921-49B8-9588-8E11A3B3C136}.Debug|x64.ActiveCfg = Debug|Any CPU
		{94712B9E-E921-49B8-9588-8E11A3B3C136}.Debug|x64.Build.0 = Debug|Any CPU
		{94712B9E-E921-49B8-9588-8E11A3B3C136}.Debug|x86.ActiveCfg = Debug|Any CPU
		{94712B9E-E921-49B8-9588-8E11A3B3C136}.Debug|x86.Build.0 = Debug|Any CPU
		{94712B9E-E921-49B8-9588-8E11A3B3C136}.Release|Any CPU.ActiveCfg = Release|Any CPU
		{94712B9E-E921-49B8-9588-8E11A3B3C136}.Release|Any CPU.Build.0 = Release|Any CPU
		{94712B9E-E921-49B8-9588-8E11A3B3C136}.Release|x64.ActiveCfg = Release|Any CPU
		{94712B9E-E921-49B8-9588-8E11A3B3C136}.Release|x64.Build.0 = Release|Any CPU
		{94712B9E-E921-49B8-9588-8E11A3B3C136}.Release|x86.ActiveCfg = Release|Any CPU
		{94712B9E-E921-49B8-9588-8E11A3B3C136}.Release|x86.Build.0 = Release|Any CPU
		{27893E38-6420-44DA-A51E-E17279E3884C}.Debug|Any CPU.ActiveCfg = Debug|Any CPU
		{27893E38-6420-44DA-A51E-E17279E3884C}.Debug|Any CPU.Build.0 = Debug|Any CPU
		{27893E38-6420-44DA-A51E-E17279E3884C}.Debug|x64.ActiveCfg = Debug|Any CPU
		{27893E38-6420-44DA-A51E-E17279E3884C}.Debug|x64.Build.0 = Debug|Any CPU
		{27893E38-6420-44DA-A51E-E17279E3884C}.Debug|x86.ActiveCfg = Debug|Any CPU
		{27893E38-6420-44DA-A51E-E17279E3884C}.Debug|x86.Build.0 = Debug|Any CPU
		{27893E38-6420-44DA-A51E-E17279E3884C}.Release|Any CPU.ActiveCfg = Release|Any CPU
		{27893E38-6420-44DA-A51E-E17279E3884C}.Release|Any CPU.Build.0 = Release|Any CPU
		{27893E38-6420-44DA-A51E-E17279E3884C}.Release|x64.ActiveCfg = Release|Any CPU
		{27893E38-6420-44DA-A51E-E17279E3884C}.Release|x64.Build.0 = Release|Any CPU
		{27893E38-6420-44DA-A51E-E17279E3884C}.Release|x86.ActiveCfg = Release|Any CPU
		{27893E38-6420-44DA-A51E-E17279E3884C}.Release|x86.Build.0 = Release|Any CPU
		{0C72D224-1C35-4B95-AF3C-763D6588803D}.Debug|Any CPU.ActiveCfg = Debug|Any CPU
		{0C72D224-1C35-4B95-AF3C-763D6588803D}.Debug|Any CPU.Build.0 = Debug|Any CPU
		{0C72D224-1C35-4B95-AF3C-763D6588803D}.Debug|x64.ActiveCfg = Debug|Any CPU
		{0C72D224-1C35-4B95-AF3C-763D6588803D}.Debug|x64.Build.0 = Debug|Any CPU
		{0C72D224-1C35-4B95-AF3C-763D6588803D}.Debug|x86.ActiveCfg = Debug|Any CPU
		{0C72D224-1C35-4B95-AF3C-763D6588803D}.Debug|x86.Build.0 = Debug|Any CPU
		{0C72D224-1C35-4B95-AF3C-763D6588803D}.Release|Any CPU.ActiveCfg = Release|Any CPU
		{0C72D224-1C35-4B95-AF3C-763D6588803D}.Release|Any CPU.Build.0 = Release|Any CPU
		{0C72D224-1C35-4B95-AF3C-763D6588803D}.Release|x64.ActiveCfg = Release|Any CPU
		{0C72D224-1C35-4B95-AF3C-763D6588803D}.Release|x64.Build.0 = Release|Any CPU
		{0C72D224-1C35-4B95-AF3C-763D6588803D}.Release|x86.ActiveCfg = Release|Any CPU
		{0C72D224-1C35-4B95-AF3C-763D6588803D}.Release|x86.Build.0 = Release|Any CPU
		{28F0E8E0-2D60-42F0-BE84-014AA24E3D38}.Debug|Any CPU.ActiveCfg = Debug|Any CPU
		{28F0E8E0-2D60-42F0-BE84-014AA24E3D38}.Debug|Any CPU.Build.0 = Debug|Any CPU
		{28F0E8E0-2D60-42F0-BE84-014AA24E3D38}.Debug|x64.ActiveCfg = Debug|Any CPU
		{28F0E8E0-2D60-42F0-BE84-014AA24E3D38}.Debug|x64.Build.0 = Debug|Any CPU
		{28F0E8E0-2D60-42F0-BE84-014AA24E3D38}.Debug|x86.ActiveCfg = Debug|Any CPU
		{28F0E8E0-2D60-42F0-BE84-014AA24E3D38}.Debug|x86.Build.0 = Debug|Any CPU
		{28F0E8E0-2D60-42F0-BE84-014AA24E3D38}.Release|Any CPU.ActiveCfg = Release|Any CPU
		{28F0E8E0-2D60-42F0-BE84-014AA24E3D38}.Release|Any CPU.Build.0 = Release|Any CPU
		{28F0E8E0-2D60-42F0-BE84-014AA24E3D38}.Release|x64.ActiveCfg = Release|Any CPU
		{28F0E8E0-2D60-42F0-BE84-014AA24E3D38}.Release|x64.Build.0 = Release|Any CPU
		{28F0E8E0-2D60-42F0-BE84-014AA24E3D38}.Release|x86.ActiveCfg = Release|Any CPU
		{28F0E8E0-2D60-42F0-BE84-014AA24E3D38}.Release|x86.Build.0 = Release|Any CPU
		{5D6A39E3-9F20-49B4-BC2D-3470A0DEA02D}.Debug|Any CPU.ActiveCfg = Debug|Any CPU
		{5D6A39E3-9F20-49B4-BC2D-3470A0DEA02D}.Debug|Any CPU.Build.0 = Debug|Any CPU
		{5D6A39E3-9F20-49B4-BC2D-3470A0DEA02D}.Debug|x64.ActiveCfg = Debug|Any CPU
		{5D6A39E3-9F20-49B4-BC2D-3470A0DEA02D}.Debug|x64.Build.0 = Debug|Any CPU
		{5D6A39E3-9F20-49B4-BC2D-3470A0DEA02D}.Debug|x86.ActiveCfg = Debug|Any CPU
		{5D6A39E3-9F20-49B4-BC2D-3470A0DEA02D}.Debug|x86.Build.0 = Debug|Any CPU
		{5D6A39E3-9F20-49B4-BC2D-3470A0DEA02D}.Release|Any CPU.ActiveCfg = Release|Any CPU
		{5D6A39E3-9F20-49B4-BC2D-3470A0DEA02D}.Release|Any CPU.Build.0 = Release|Any CPU
		{5D6A39E3-9F20-49B4-BC2D-3470A0DEA02D}.Release|x64.ActiveCfg = Release|Any CPU
		{5D6A39E3-9F20-49B4-BC2D-3470A0DEA02D}.Release|x64.Build.0 = Release|Any CPU
		{5D6A39E3-9F20-49B4-BC2D-3470A0DEA02D}.Release|x86.ActiveCfg = Release|Any CPU
		{5D6A39E3-9F20-49B4-BC2D-3470A0DEA02D}.Release|x86.Build.0 = Release|Any CPU
		{2D6D1165-E08A-40E5-B3E8-5F469458AA18}.Debug|Any CPU.ActiveCfg = Debug|Any CPU
		{2D6D1165-E08A-40E5-B3E8-5F469458AA18}.Debug|Any CPU.Build.0 = Debug|Any CPU
		{2D6D1165-E08A-40E5-B3E8-5F469458AA18}.Debug|x64.ActiveCfg = Debug|Any CPU
		{2D6D1165-E08A-40E5-B3E8-5F469458AA18}.Debug|x64.Build.0 = Debug|Any CPU
		{2D6D1165-E08A-40E5-B3E8-5F469458AA18}.Debug|x86.ActiveCfg = Debug|Any CPU
		{2D6D1165-E08A-40E5-B3E8-5F469458AA18}.Debug|x86.Build.0 = Debug|Any CPU
		{2D6D1165-E08A-40E5-B3E8-5F469458AA18}.Release|Any CPU.ActiveCfg = Release|Any CPU
		{2D6D1165-E08A-40E5-B3E8-5F469458AA18}.Release|Any CPU.Build.0 = Release|Any CPU
		{2D6D1165-E08A-40E5-B3E8-5F469458AA18}.Release|x64.ActiveCfg = Release|Any CPU
		{2D6D1165-E08A-40E5-B3E8-5F469458AA18}.Release|x64.Build.0 = Release|Any CPU
		{2D6D1165-E08A-40E5-B3E8-5F469458AA18}.Release|x86.ActiveCfg = Release|Any CPU
		{2D6D1165-E08A-40E5-B3E8-5F469458AA18}.Release|x86.Build.0 = Release|Any CPU
		{648F7840-6A30-451C-B008-C8EE64746BE0}.Debug|Any CPU.ActiveCfg = Debug|Any CPU
		{648F7840-6A30-451C-B008-C8EE64746BE0}.Debug|Any CPU.Build.0 = Debug|Any CPU
		{648F7840-6A30-451C-B008-C8EE64746BE0}.Debug|x64.ActiveCfg = Debug|Any CPU
		{648F7840-6A30-451C-B008-C8EE64746BE0}.Debug|x64.Build.0 = Debug|Any CPU
		{648F7840-6A30-451C-B008-C8EE64746BE0}.Debug|x86.ActiveCfg = Debug|Any CPU
		{648F7840-6A30-451C-B008-C8EE64746BE0}.Debug|x86.Build.0 = Debug|Any CPU
		{648F7840-6A30-451C-B008-C8EE64746BE0}.Release|Any CPU.ActiveCfg = Release|Any CPU
		{648F7840-6A30-451C-B008-C8EE64746BE0}.Release|Any CPU.Build.0 = Release|Any CPU
		{648F7840-6A30-451C-B008-C8EE64746BE0}.Release|x64.ActiveCfg = Release|Any CPU
		{648F7840-6A30-451C-B008-C8EE64746BE0}.Release|x64.Build.0 = Release|Any CPU
		{648F7840-6A30-451C-B008-C8EE64746BE0}.Release|x86.ActiveCfg = Release|Any CPU
		{648F7840-6A30-451C-B008-C8EE64746BE0}.Release|x86.Build.0 = Release|Any CPU
		{54C18A90-4C26-4940-9E24-8610FFE09492}.Debug|Any CPU.ActiveCfg = Debug|Any CPU
		{54C18A90-4C26-4940-9E24-8610FFE09492}.Debug|Any CPU.Build.0 = Debug|Any CPU
		{54C18A90-4C26-4940-9E24-8610FFE09492}.Debug|x64.ActiveCfg = Debug|Any CPU
		{54C18A90-4C26-4940-9E24-8610FFE09492}.Debug|x64.Build.0 = Debug|Any CPU
		{54C18A90-4C26-4940-9E24-8610FFE09492}.Debug|x86.ActiveCfg = Debug|Any CPU
		{54C18A90-4C26-4940-9E24-8610FFE09492}.Debug|x86.Build.0 = Debug|Any CPU
		{54C18A90-4C26-4940-9E24-8610FFE09492}.Release|Any CPU.ActiveCfg = Release|Any CPU
		{54C18A90-4C26-4940-9E24-8610FFE09492}.Release|Any CPU.Build.0 = Release|Any CPU
		{54C18A90-4C26-4940-9E24-8610FFE09492}.Release|x64.ActiveCfg = Release|Any CPU
		{54C18A90-4C26-4940-9E24-8610FFE09492}.Release|x64.Build.0 = Release|Any CPU
		{54C18A90-4C26-4940-9E24-8610FFE09492}.Release|x86.ActiveCfg = Release|Any CPU
		{54C18A90-4C26-4940-9E24-8610FFE09492}.Release|x86.Build.0 = Release|Any CPU
		{19C8E910-755C-407F-9309-C70593DB17DA}.Debug|Any CPU.ActiveCfg = Debug|Any CPU
		{19C8E910-755C-407F-9309-C70593DB17DA}.Debug|Any CPU.Build.0 = Debug|Any CPU
		{19C8E910-755C-407F-9309-C70593DB17DA}.Debug|x64.ActiveCfg = Debug|Any CPU
		{19C8E910-755C-407F-9309-C70593DB17DA}.Debug|x64.Build.0 = Debug|Any CPU
		{19C8E910-755C-407F-9309-C70593DB17DA}.Debug|x86.ActiveCfg = Debug|Any CPU
		{19C8E910-755C-407F-9309-C70593DB17DA}.Debug|x86.Build.0 = Debug|Any CPU
		{19C8E910-755C-407F-9309-C70593DB17DA}.Release|Any CPU.ActiveCfg = Release|Any CPU
		{19C8E910-755C-407F-9309-C70593DB17DA}.Release|Any CPU.Build.0 = Release|Any CPU
		{19C8E910-755C-407F-9309-C70593DB17DA}.Release|x64.ActiveCfg = Release|Any CPU
		{19C8E910-755C-407F-9309-C70593DB17DA}.Release|x64.Build.0 = Release|Any CPU
		{19C8E910-755C-407F-9309-C70593DB17DA}.Release|x86.ActiveCfg = Release|Any CPU
		{19C8E910-755C-407F-9309-C70593DB17DA}.Release|x86.Build.0 = Release|Any CPU
	EndGlobalSection
	GlobalSection(SolutionProperties) = preSolution
		HideSolutionNode = FALSE
	EndGlobalSection
	GlobalSection(NestedProjects) = preSolution
		{E22E24A7-60BD-AB64-8CDF-AA26E2B7FF30} = {4F52FD11-658E-A102-6CD3-7D7C16FFA15B}
		{23B11657-57EA-46B3-9064-356A161CACB6} = {E22E24A7-60BD-AB64-8CDF-AA26E2B7FF30}
		{05B7C4B4-C077-CFB9-F5D5-A3F4CD33019C} = {4F52FD11-658E-A102-6CD3-7D7C16FFA15B}
		{E861B573-5893-42B8-8096-532FBB85C59E} = {05B7C4B4-C077-CFB9-F5D5-A3F4CD33019C}
		{4AAC06F7-6016-E642-0FE4-08DCBDD5FB76} = {4F52FD11-658E-A102-6CD3-7D7C16FFA15B}
		{FFC5CD3D-9FAF-4C0D-8B1B-E04F621FEFE7} = {4AAC06F7-6016-E642-0FE4-08DCBDD5FB76}
		{B3592533-1194-B4F0-E199-5AA1C91AC5CA} = {4F52FD11-658E-A102-6CD3-7D7C16FFA15B}
		{738B37A5-2373-48E5-86BC-AA26D53AEFA6} = {B3592533-1194-B4F0-E199-5AA1C91AC5CA}
		{85E3A286-880E-ADB0-5CF2-3F1BDB3A4229} = {4F52FD11-658E-A102-6CD3-7D7C16FFA15B}
		{A43EE8F8-62D1-403C-9D84-6CEF2634D8CD} = {85E3A286-880E-ADB0-5CF2-3F1BDB3A4229}
		{0E2A513B-7FD8-4E28-8939-2DEBBEAE4C2A} = {25D181DD-5CC9-F0B3-C64F-91E1AA77FD70}
		{FE3FB199-55FF-42D1-1FD0-08473B5A7350} = {5854FF58-B8C5-05C6-5BF2-ACE42193F22B}
		{D5791CBE-85EE-4E97-9B74-4C5F09562E7B} = {FE3FB199-55FF-42D1-1FD0-08473B5A7350}
		{B3127F73-ABC6-4560-A1C8-8CE05CE03D6A} = {FE3FB199-55FF-42D1-1FD0-08473B5A7350}
		{D9200C92-F512-4E4A-9EC5-43DD43F0F17E} = {FE3FB199-55FF-42D1-1FD0-08473B5A7350}
		{05EAE986-AF90-408E-B5E7-3897BF8A809B} = {FE3FB199-55FF-42D1-1FD0-08473B5A7350}
		{B06B848F-2C60-96F4-F472-51BA1E48B7CF} = {5854FF58-B8C5-05C6-5BF2-ACE42193F22B}
		{5E9C4B3B-ACAF-4390-AD4D-809A2B79A23C} = {B06B848F-2C60-96F4-F472-51BA1E48B7CF}
		{277FDB14-8F8E-4F38-96D5-DDA64452608B} = {B06B848F-2C60-96F4-F472-51BA1E48B7CF}
		{552C4E7E-75F5-45D5-8F6F-1C7ECC61BB5E} = {B06B848F-2C60-96F4-F472-51BA1E48B7CF}
		{5FAFD70E-E70D-4B0B-9DC0-ED6E35CB0EBC} = {B06B848F-2C60-96F4-F472-51BA1E48B7CF}
		{A7F1EA75-F84F-EDAA-1156-120873BE27D5} = {5854FF58-B8C5-05C6-5BF2-ACE42193F22B}
		{09555A38-7848-4887-ABEC-F8CADA94F93C} = {A7F1EA75-F84F-EDAA-1156-120873BE27D5}
		{817C5168-947D-43A4-90D3-C575F35AF37A} = {A7F1EA75-F84F-EDAA-1156-120873BE27D5}
		{CCDF21B3-C398-4709-89B2-1336523CC5CD} = {A7F1EA75-F84F-EDAA-1156-120873BE27D5}
		{0CF1B314-F103-43FE-BFC8-D13F5EB87E4D} = {A7F1EA75-F84F-EDAA-1156-120873BE27D5}
		{714CC2AF-245C-D6B1-E117-A1157E62AF44} = {5854FF58-B8C5-05C6-5BF2-ACE42193F22B}
		{6861D505-9835-410C-8B3E-F2AD83A376CB} = {714CC2AF-245C-D6B1-E117-A1157E62AF44}
		{5C94F758-65DC-460F-BF76-8E373B028C55} = {714CC2AF-245C-D6B1-E117-A1157E62AF44}
		{2FF78E46-534A-4594-8E72-04FF5B22AAEF} = {714CC2AF-245C-D6B1-E117-A1157E62AF44}
		{7576B84A-60F9-4E14-A508-7EA7E21EFE3B} = {714CC2AF-245C-D6B1-E117-A1157E62AF44}
		{06470F13-D646-4954-ED4A-FA216054436A} = {5854FF58-B8C5-05C6-5BF2-ACE42193F22B}
		{65D394FA-672B-4591-B09E-9F0CDA7BD1F9} = {06470F13-D646-4954-ED4A-FA216054436A}
		{8276B9C5-5CF0-4FFA-BF6C-2004801E5E6D} = {06470F13-D646-4954-ED4A-FA216054436A}
		{94712B9E-E921-49B8-9588-8E11A3B3C136} = {06470F13-D646-4954-ED4A-FA216054436A}
		{27893E38-6420-44DA-A51E-E17279E3884C} = {06470F13-D646-4954-ED4A-FA216054436A}
		{093D18F0-D003-314D-5FF9-986B0F652A33} = {5854FF58-B8C5-05C6-5BF2-ACE42193F22B}
		{0C72D224-1C35-4B95-AF3C-763D6588803D} = {093D18F0-D003-314D-5FF9-986B0F652A33}
		{28F0E8E0-2D60-42F0-BE84-014AA24E3D38} = {093D18F0-D003-314D-5FF9-986B0F652A33}
		{5D6A39E3-9F20-49B4-BC2D-3470A0DEA02D} = {093D18F0-D003-314D-5FF9-986B0F652A33}
		{2D6D1165-E08A-40E5-B3E8-5F469458AA18} = {093D18F0-D003-314D-5FF9-986B0F652A33}
	EndGlobalSection
EndGlobal
